
Microsoft Visual Studio Solution File, Format Version 12.00
# Visual Studio Version 16
VisualStudioVersion = 16.0.30104.148
MinimumVisualStudioVersion = 10.0.40219.1
Project("{9A19103F-16F7-4668-BE54-9A1E7A4F7556}") = "GeneradorContraseña", "GeneradorContraseña\GeneradorContraseña.csproj", "{FFCC55C6-645A-4765-B729-E9B71C6593DB}"
EndProject
Project("{9A19103F-16F7-4668-BE54-9A1E7A4F7556}") = "TestContraseña", "TestContraseña\TestContraseña.csproj", "{8EFFBE89-42CC-4BEE-A468-BE4F02358CCD}"
EndProject
Global
	GlobalSection(SolutionConfigurationPlatforms) = preSolution
		Debug|Any CPU = Debug|Any CPU
		Release|Any CPU = Release|Any CPU
	EndGlobalSection
	GlobalSection(ProjectConfigurationPlatforms) = postSolution
		{FFCC55C6-645A-4765-B729-E9B71C6593DB}.Debug|Any CPU.ActiveCfg = Debug|Any CPU
		{FFCC55C6-645A-4765-B729-E9B71C6593DB}.Debug|Any CPU.Build.0 = Debug|Any CPU
		{FFCC55C6-645A-4765-B729-E9B71C6593DB}.Release|Any CPU.ActiveCfg = Release|Any CPU
		{FFCC55C6-645A-4765-B729-E9B71C6593DB}.Release|Any CPU.Build.0 = Release|Any CPU
		{8EFFBE89-42CC-4BEE-A468-BE4F02358CCD}.Debug|Any CPU.ActiveCfg = Debug|Any CPU
		{8EFFBE89-42CC-4BEE-A468-BE4F02358CCD}.Debug|Any CPU.Build.0 = Debug|Any CPU
		{8EFFBE89-42CC-4BEE-A468-BE4F02358CCD}.Release|Any CPU.ActiveCfg = Release|Any CPU
		{8EFFBE89-42CC-4BEE-A468-BE4F02358CCD}.Release|Any CPU.Build.0 = Release|Any CPU
	EndGlobalSection
	GlobalSection(SolutionProperties) = preSolution
		HideSolutionNode = FALSE
	EndGlobalSection
	GlobalSection(ExtensibilityGlobals) = postSolution
		SolutionGuid = {423EB164-28CB-4AF6-91D1-59621C9374E7}
	EndGlobalSection
EndGlobal
